
Microsoft Visual Studio Solution File, Format Version 12.00
# Visual Studio Version 17
VisualStudioVersion = 17.0.31903.59
MinimumVisualStudioVersion = 10.0.40219.1
Project("{FAE04EC0-301F-11D3-BF4B-00C04F79EFBC}") = "Connect2Game", "Connect2Game\Connect2Game.csproj", "{5552D2B9-25FE-4B59-AEEA-870D8304A64A}"
EndProject
Project("{FAE04EC0-301F-11D3-BF4B-00C04F79EFBC}") = "TestServer.Tests", "TestServer.Tests\TestServer.Tests.csproj", "{C40675D4-9A3F-4204-90E7-F59997380898}"
EndProject
Global
	GlobalSection(SolutionConfigurationPlatforms) = preSolution
		Debug|Any CPU = Debug|Any CPU
		Release|Any CPU = Release|Any CPU
	EndGlobalSection
	GlobalSection(SolutionProperties) = preSolution
		HideSolutionNode = FALSE
	EndGlobalSection
	GlobalSection(ProjectConfigurationPlatforms) = postSolution
		{5552D2B9-25FE-4B59-AEEA-870D8304A64A}.Debug|Any CPU.ActiveCfg = Debug|Any CPU
		{5552D2B9-25FE-4B59-AEEA-870D8304A64A}.Debug|Any CPU.Build.0 = Debug|Any CPU
		{5552D2B9-25FE-4B59-AEEA-870D8304A64A}.Release|Any CPU.ActiveCfg = Release|Any CPU
		{5552D2B9-25FE-4B59-AEEA-870D8304A64A}.Release|Any CPU.Build.0 = Release|Any CPU
		{C40675D4-9A3F-4204-90E7-F59997380898}.Debug|Any CPU.ActiveCfg = Debug|Any CPU
		{C40675D4-9A3F-4204-90E7-F59997380898}.Debug|Any CPU.Build.0 = Debug|Any CPU
		{C40675D4-9A3F-4204-90E7-F59997380898}.Release|Any CPU.ActiveCfg = Release|Any CPU
		{C40675D4-9A3F-4204-90E7-F59997380898}.Release|Any CPU.Build.0 = Release|Any CPU
	EndGlobalSection
EndGlobal
